
Microsoft Visual Studio Solution File, Format Version 12.00
# Visual Studio Version 16
VisualStudioVersion = 16.0.34407.143
MinimumVisualStudioVersion = 10.0.40219.1
Project("{FAE04EC0-301F-11D3-BF4B-00C04F79EFBC}") = "Exercice 17", "Exercice 17\Exercice 17.csproj", "{CE5CD02A-7771-4AA8-B745-2F403FC77991}"
EndProject
Global
	GlobalSection(SolutionConfigurationPlatforms) = preSolution
		Debug|Any CPU = Debug|Any CPU
		Release|Any CPU = Release|Any CPU
	EndGlobalSection
	GlobalSection(ProjectConfigurationPlatforms) = postSolution
		{CE5CD02A-7771-4AA8-B745-2F403FC77991}.Debug|Any CPU.ActiveCfg = Debug|Any CPU
		{CE5CD02A-7771-4AA8-B745-2F403FC77991}.Debug|Any CPU.Build.0 = Debug|Any CPU
		{CE5CD02A-7771-4AA8-B745-2F403FC77991}.Release|Any CPU.ActiveCfg = Release|Any CPU
		{CE5CD02A-7771-4AA8-B745-2F403FC77991}.Release|Any CPU.Build.0 = Release|Any CPU
	EndGlobalSection
	GlobalSection(SolutionProperties) = preSolution
		HideSolutionNode = FALSE
	EndGlobalSection
	GlobalSection(ExtensibilityGlobals) = postSolution
		SolutionGuid = {9FE750E7-E4EE-453F-B7D4-796674820647}
	EndGlobalSection
EndGlobal
